
Microsoft Visual Studio Solution File, Format Version 11.00
# Visual Studio 2010
Project("{FAE04EC0-301F-11D3-BF4B-00C04F79EFBC}") = "PSPDFTest", "PSPDFTest.csproj", "{75AC5FA9-7DDB-47B9-AF77-8C34B8EA7A80}"
EndProject
Project("{FAE04EC0-301F-11D3-BF4B-00C04F79EFBC}") = "AlexTouch.PSPDFKit", "..\..\AlexTouch.PSPDFKit\AlexTouch.PSPDFKit.csproj", "{93F9A353-ABA6-468E-85F0-2FF8D354873F}"
EndProject
Global
	GlobalSection(SolutionConfigurationPlatforms) = preSolution
		Debug|iPhoneSimulator = Debug|iPhoneSimulator
		Release|iPhoneSimulator = Release|iPhoneSimulator
		Debug|iPhone = Debug|iPhone
		Release|iPhone = Release|iPhone
		Ad-Hoc|iPhone = Ad-Hoc|iPhone
		AppStore|iPhone = AppStore|iPhone
	EndGlobalSection
	GlobalSection(ProjectConfigurationPlatforms) = postSolution
		{75AC5FA9-7DDB-47B9-AF77-8C34B8EA7A80}.Ad-Hoc|iPhone.ActiveCfg = Ad-Hoc|iPhone
		{75AC5FA9-7DDB-47B9-AF77-8C34B8EA7A80}.Ad-Hoc|iPhone.Build.0 = Ad-Hoc|iPhone
		{75AC5FA9-7DDB-47B9-AF77-8C34B8EA7A80}.AppStore|iPhone.ActiveCfg = AppStore|iPhone
		{75AC5FA9-7DDB-47B9-AF77-8C34B8EA7A80}.AppStore|iPhone.Build.0 = AppStore|iPhone
		{75AC5FA9-7DDB-47B9-AF77-8C34B8EA7A80}.Debug|iPhone.ActiveCfg = Debug|iPhone
		{75AC5FA9-7DDB-47B9-AF77-8C34B8EA7A80}.Debug|iPhone.Build.0 = Debug|iPhone
		{75AC5FA9-7DDB-47B9-AF77-8C34B8EA7A80}.Debug|iPhoneSimulator.ActiveCfg = Debug|iPhoneSimulator
		{75AC5FA9-7DDB-47B9-AF77-8C34B8EA7A80}.Debug|iPhoneSimulator.Build.0 = Debug|iPhoneSimulator
		{75AC5FA9-7DDB-47B9-AF77-8C34B8EA7A80}.Release|iPhone.ActiveCfg = Release|iPhone
		{75AC5FA9-7DDB-47B9-AF77-8C34B8EA7A80}.Release|iPhone.Build.0 = Release|iPhone
		{75AC5FA9-7DDB-47B9-AF77-8C34B8EA7A80}.Release|iPhoneSimulator.ActiveCfg = Release|iPhoneSimulator
		{75AC5FA9-7DDB-47B9-AF77-8C34B8EA7A80}.Release|iPhoneSimulator.Build.0 = Release|iPhoneSimulator
		{93F9A353-ABA6-468E-85F0-2FF8D354873F}.Ad-Hoc|iPhone.ActiveCfg = Release|Any CPU
		{93F9A353-ABA6-468E-85F0-2FF8D354873F}.Ad-Hoc|iPhone.Build.0 = Release|Any CPU
		{93F9A353-ABA6-468E-85F0-2FF8D354873F}.AppStore|iPhone.ActiveCfg = Release|Any CPU
		{93F9A353-ABA6-468E-85F0-2FF8D354873F}.AppStore|iPhone.Build.0 = Release|Any CPU
		{93F9A353-ABA6-468E-85F0-2FF8D354873F}.Debug|iPhone.ActiveCfg = Debug|Any CPU
		{93F9A353-ABA6-468E-85F0-2FF8D354873F}.Debug|iPhone.Build.0 = Debug|Any CPU
		{93F9A353-ABA6-468E-85F0-2FF8D354873F}.Debug|iPhoneSimulator.ActiveCfg = Debug|Any CPU
		{93F9A353-ABA6-468E-85F0-2FF8D354873F}.Debug|iPhoneSimulator.Build.0 = Debug|Any CPU
		{93F9A353-ABA6-468E-85F0-2FF8D354873F}.Release|iPhone.ActiveCfg = Release|Any CPU
		{93F9A353-ABA6-468E-85F0-2FF8D354873F}.Release|iPhone.Build.0 = Release|Any CPU
		{93F9A353-ABA6-468E-85F0-2FF8D354873F}.Release|iPhoneSimulator.ActiveCfg = Release|Any CPU
		{93F9A353-ABA6-468E-85F0-2FF8D354873F}.Release|iPhoneSimulator.Build.0 = Release|Any CPU
	EndGlobalSection
	GlobalSection(MonoDevelopProperties) = preSolution
		StartupItem = PSPDFTest.csproj
	EndGlobalSection
EndGlobal
